
Microsoft Visual Studio Solution File, Format Version 12.00
# Visual Studio Version 16
VisualStudioVersion = 16.0.28902.138
MinimumVisualStudioVersion = 10.0.40219.1
Project("{8BC9CEB8-8B4A-11D0-8D11-00A0C91BC942}") = "ConsoleLoG", "ConsoleLoG\ConsoleLoG.vcxproj", "{F529E1E8-C9B0-4453-86CA-1D3CAAC9A48D}"
EndProject
Global
	GlobalSection(SolutionConfigurationPlatforms) = preSolution
		Debug|x64 = Debug|x64
		Debug|x86 = Debug|x86
		Release|x64 = Release|x64
		Release|x86 = Release|x86
	EndGlobalSection
	GlobalSection(ProjectConfigurationPlatforms) = postSolution
		{F529E1E8-C9B0-4453-86CA-1D3CAAC9A48D}.Debug|x64.ActiveCfg = Debug|x64
		{F529E1E8-C9B0-4453-86CA-1D3CAAC9A48D}.Debug|x64.Build.0 = Debug|x64
		{F529E1E8-C9B0-4453-86CA-1D3CAAC9A48D}.Debug|x86.ActiveCfg = Debug|Win32
		{F529E1E8-C9B0-4453-86CA-1D3CAAC9A48D}.Debug|x86.Build.0 = Debug|Win32
		{F529E1E8-C9B0-4453-86CA-1D3CAAC9A48D}.Release|x64.ActiveCfg = Release|x64
		{F529E1E8-C9B0-4453-86CA-1D3CAAC9A48D}.Release|x64.Build.0 = Release|x64
		{F529E1E8-C9B0-4453-86CA-1D3CAAC9A48D}.Release|x86.ActiveCfg = Release|Win32
		{F529E1E8-C9B0-4453-86CA-1D3CAAC9A48D}.Release|x86.Build.0 = Release|Win32
	EndGlobalSection
	GlobalSection(SolutionProperties) = preSolution
		HideSolutionNode = FALSE
	EndGlobalSection
	GlobalSection(ExtensibilityGlobals) = postSolution
		SolutionGuid = {47B6EEB0-9F70-495E-9128-8F8016EB47AE}
	EndGlobalSection
EndGlobal
