
Microsoft Visual Studio Solution File, Format Version 12.00
# Visual Studio 15
VisualStudioVersion = 15.0.25807.0
MinimumVisualStudioVersion = 10.0.40219.1
Project("{2150E333-8FDC-42A3-9474-1A3956D46DE8}") = "Engine", "Engine", "{852E2682-9BFB-4093-BA98-F996EC649B3D}"
EndProject
Project("{2150E333-8FDC-42A3-9474-1A3956D46DE8}") = "Games", "Games", "{3BC2B8D5-D26E-41BF-8732-6F7C02D29E07}"
EndProject
Project("{8BC9CEB8-8B4A-11D0-8D11-00A0C91BC942}") = "Prototype", "Intermediate\ProjectFiles\Prototype.vcxproj", "{8CEF0ADC-5F77-40EA-B961-7C45DF3714D4}"
EndProject
Project("{8BC9CEB8-8B4A-11D0-8D11-00A0C91BC942}") = "UE4", "Intermediate\ProjectFiles\UE4.vcxproj", "{ED00DBD5-75A9-4DB2-91E1-EC8205D35821}"
EndProject
Project("{2150E333-8FDC-42A3-9474-1A3956D46DE8}") = "Visualizers", "Visualizers", "{7F998788-A644-4630-86BF-4FC3526CDB8F}"
	ProjectSection(SolutionItems) = preProject
		D:\UE_4.23\Engine\Extras\VisualStudioDebugging\UE4.natvis = D:\UE_4.23\Engine\Extras\VisualStudioDebugging\UE4.natvis
	EndProjectSection
EndProject
Global
	GlobalSection(SolutionConfigurationPlatforms) = preSolution
		DebugGame Editor|Win32 = DebugGame Editor|Win32
		DebugGame Editor|Win64 = DebugGame Editor|Win64
		DebugGame|Win32 = DebugGame|Win32
		DebugGame|Win64 = DebugGame|Win64
		Development Editor|Win32 = Development Editor|Win32
		Development Editor|Win64 = Development Editor|Win64
		Development|Win32 = Development|Win32
		Development|Win64 = Development|Win64
		Shipping|Win32 = Shipping|Win32
		Shipping|Win64 = Shipping|Win64
	EndGlobalSection
	GlobalSection(ProjectConfigurationPlatforms) = postSolution
		{8CEF0ADC-5F77-40EA-B961-7C45DF3714D4}.DebugGame Editor|Win32.ActiveCfg = Invalid|Win32
		{8CEF0ADC-5F77-40EA-B961-7C45DF3714D4}.DebugGame Editor|Win64.ActiveCfg = DebugGame_Editor|x64
		{8CEF0ADC-5F77-40EA-B961-7C45DF3714D4}.DebugGame Editor|Win64.Build.0 = DebugGame_Editor|x64
		{8CEF0ADC-5F77-40EA-B961-7C45DF3714D4}.DebugGame|Win32.ActiveCfg = DebugGame|Win32
		{8CEF0ADC-5F77-40EA-B961-7C45DF3714D4}.DebugGame|Win32.Build.0 = DebugGame|Win32
		{8CEF0ADC-5F77-40EA-B961-7C45DF3714D4}.DebugGame|Win64.ActiveCfg = DebugGame|x64
		{8CEF0ADC-5F77-40EA-B961-7C45DF3714D4}.DebugGame|Win64.Build.0 = DebugGame|x64
		{8CEF0ADC-5F77-40EA-B961-7C45DF3714D4}.Development Editor|Win32.ActiveCfg = Invalid|Win32
		{8CEF0ADC-5F77-40EA-B961-7C45DF3714D4}.Development Editor|Win64.ActiveCfg = Development_Editor|x64
		{8CEF0ADC-5F77-40EA-B961-7C45DF3714D4}.Development Editor|Win64.Build.0 = Development_Editor|x64
		{8CEF0ADC-5F77-40EA-B961-7C45DF3714D4}.Development|Win32.ActiveCfg = Development|Win32
		{8CEF0ADC-5F77-40EA-B961-7C45DF3714D4}.Development|Win32.Build.0 = Development|Win32
		{8CEF0ADC-5F77-40EA-B961-7C45DF3714D4}.Development|Win64.ActiveCfg = Development|x64
		{8CEF0ADC-5F77-40EA-B961-7C45DF3714D4}.Development|Win64.Build.0 = Development|x64
		{8CEF0ADC-5F77-40EA-B961-7C45DF3714D4}.Shipping|Win32.ActiveCfg = Shipping|Win32
		{8CEF0ADC-5F77-40EA-B961-7C45DF3714D4}.Shipping|Win32.Build.0 = Shipping|Win32
		{8CEF0ADC-5F77-40EA-B961-7C45DF3714D4}.Shipping|Win64.ActiveCfg = Shipping|x64
		{8CEF0ADC-5F77-40EA-B961-7C45DF3714D4}.Shipping|Win64.Build.0 = Shipping|x64
		{ED00DBD5-75A9-4DB2-91E1-EC8205D35821}.DebugGame Editor|Win32.ActiveCfg = BuiltWithUnrealBuildTool|Win32
		{ED00DBD5-75A9-4DB2-91E1-EC8205D35821}.DebugGame Editor|Win64.ActiveCfg = BuiltWithUnrealBuildTool|Win32
		{ED00DBD5-75A9-4DB2-91E1-EC8205D35821}.DebugGame|Win32.ActiveCfg = BuiltWithUnrealBuildTool|Win32
		{ED00DBD5-75A9-4DB2-91E1-EC8205D35821}.DebugGame|Win64.ActiveCfg = BuiltWithUnrealBuildTool|Win32
		{ED00DBD5-75A9-4DB2-91E1-EC8205D35821}.Development Editor|Win32.ActiveCfg = BuiltWithUnrealBuildTool|Win32
		{ED00DBD5-75A9-4DB2-91E1-EC8205D35821}.Development Editor|Win64.ActiveCfg = BuiltWithUnrealBuildTool|Win32
		{ED00DBD5-75A9-4DB2-91E1-EC8205D35821}.Development|Win32.ActiveCfg = BuiltWithUnrealBuildTool|Win32
		{ED00DBD5-75A9-4DB2-91E1-EC8205D35821}.Development|Win64.ActiveCfg = BuiltWithUnrealBuildTool|Win32
		{ED00DBD5-75A9-4DB2-91E1-EC8205D35821}.Shipping|Win32.ActiveCfg = BuiltWithUnrealBuildTool|Win32
		{ED00DBD5-75A9-4DB2-91E1-EC8205D35821}.Shipping|Win64.ActiveCfg = BuiltWithUnrealBuildTool|Win32
	EndGlobalSection
	GlobalSection(SolutionProperties) = preSolution
		HideSolutionNode = FALSE
	EndGlobalSection
	GlobalSection(NestedProjects) = preSolution
		{ED00DBD5-75A9-4DB2-91E1-EC8205D35821} = {852E2682-9BFB-4093-BA98-F996EC649B3D}
		{8CEF0ADC-5F77-40EA-B961-7C45DF3714D4} = {3BC2B8D5-D26E-41BF-8732-6F7C02D29E07}
	EndGlobalSection
EndGlobal
