
Microsoft Visual Studio Solution File, Format Version 12.00
# Visual Studio 15
VisualStudioVersion = 15.0.25807.0
MinimumVisualStudioVersion = 10.0.40219.1
Project("{2150E333-8FDC-42A3-9474-1A3956D46DE8}") = "Engine", "Engine", "{1E4B741D-4E84-4E35-B077-C371360D2554}"
EndProject
Project("{2150E333-8FDC-42A3-9474-1A3956D46DE8}") = "Games", "Games", "{A9CA8EFB-7C8B-4732-83F0-5A5A279BC15B}"
EndProject
Project("{8BC9CEB8-8B4A-11D0-8D11-00A0C91BC942}") = "UE4", "Intermediate\ProjectFiles\UE4.vcxproj", "{2BAA119B-5DE3-4ED3-9CFB-9893BC0CD85A}"
EndProject
Project("{8BC9CEB8-8B4A-11D0-8D11-00A0C91BC942}") = "Prototype", "Intermediate\ProjectFiles\Prototype.vcxproj", "{16E58EF9-4AD8-4168-AE2D-80FB8FF42123}"
EndProject
Project("{2150E333-8FDC-42A3-9474-1A3956D46DE8}") = "Visualizers", "Visualizers", "{72CA02E3-3A8A-4768-B141-26FA78B49DD3}"
	ProjectSection(SolutionItems) = preProject
		..\..\..\..\..\..\Program Files\Epic Games\UE_4.23\Engine\Extras\VisualStudioDebugging\UE4.natvis = ..\..\..\..\..\..\Program Files\Epic Games\UE_4.23\Engine\Extras\VisualStudioDebugging\UE4.natvis
	EndProjectSection
EndProject
Global
	GlobalSection(SolutionConfigurationPlatforms) = preSolution
		DebugGame Editor|HTML5 = DebugGame Editor|HTML5
		DebugGame Editor|Win32 = DebugGame Editor|Win32
		DebugGame Editor|Win64 = DebugGame Editor|Win64
		DebugGame|HTML5 = DebugGame|HTML5
		DebugGame|Win32 = DebugGame|Win32
		DebugGame|Win64 = DebugGame|Win64
		Development Editor|HTML5 = Development Editor|HTML5
		Development Editor|Win32 = Development Editor|Win32
		Development Editor|Win64 = Development Editor|Win64
		Development|HTML5 = Development|HTML5
		Development|Win32 = Development|Win32
		Development|Win64 = Development|Win64
		Shipping|HTML5 = Shipping|HTML5
		Shipping|Win32 = Shipping|Win32
		Shipping|Win64 = Shipping|Win64
	EndGlobalSection
	GlobalSection(ProjectConfigurationPlatforms) = postSolution
		{2BAA119B-5DE3-4ED3-9CFB-9893BC0CD85A}.DebugGame Editor|HTML5.ActiveCfg = BuiltWithUnrealBuildTool|Win32
		{2BAA119B-5DE3-4ED3-9CFB-9893BC0CD85A}.DebugGame Editor|Win32.ActiveCfg = BuiltWithUnrealBuildTool|Win32
		{2BAA119B-5DE3-4ED3-9CFB-9893BC0CD85A}.DebugGame Editor|Win64.ActiveCfg = BuiltWithUnrealBuildTool|Win32
		{2BAA119B-5DE3-4ED3-9CFB-9893BC0CD85A}.DebugGame|HTML5.ActiveCfg = BuiltWithUnrealBuildTool|Win32
		{2BAA119B-5DE3-4ED3-9CFB-9893BC0CD85A}.DebugGame|Win32.ActiveCfg = BuiltWithUnrealBuildTool|Win32
		{2BAA119B-5DE3-4ED3-9CFB-9893BC0CD85A}.DebugGame|Win64.ActiveCfg = BuiltWithUnrealBuildTool|Win32
		{2BAA119B-5DE3-4ED3-9CFB-9893BC0CD85A}.Development Editor|HTML5.ActiveCfg = BuiltWithUnrealBuildTool|Win32
		{2BAA119B-5DE3-4ED3-9CFB-9893BC0CD85A}.Development Editor|Win32.ActiveCfg = BuiltWithUnrealBuildTool|Win32
		{2BAA119B-5DE3-4ED3-9CFB-9893BC0CD85A}.Development Editor|Win64.ActiveCfg = BuiltWithUnrealBuildTool|Win32
		{2BAA119B-5DE3-4ED3-9CFB-9893BC0CD85A}.Development|HTML5.ActiveCfg = BuiltWithUnrealBuildTool|Win32
		{2BAA119B-5DE3-4ED3-9CFB-9893BC0CD85A}.Development|Win32.ActiveCfg = BuiltWithUnrealBuildTool|Win32
		{2BAA119B-5DE3-4ED3-9CFB-9893BC0CD85A}.Development|Win64.ActiveCfg = BuiltWithUnrealBuildTool|Win32
		{2BAA119B-5DE3-4ED3-9CFB-9893BC0CD85A}.Shipping|HTML5.ActiveCfg = BuiltWithUnrealBuildTool|Win32
		{2BAA119B-5DE3-4ED3-9CFB-9893BC0CD85A}.Shipping|Win32.ActiveCfg = BuiltWithUnrealBuildTool|Win32
		{2BAA119B-5DE3-4ED3-9CFB-9893BC0CD85A}.Shipping|Win64.ActiveCfg = BuiltWithUnrealBuildTool|Win32
		{16E58EF9-4AD8-4168-AE2D-80FB8FF42123}.DebugGame Editor|HTML5.ActiveCfg = Invalid|Win32
		{16E58EF9-4AD8-4168-AE2D-80FB8FF42123}.DebugGame Editor|Win32.ActiveCfg = Invalid|Win32
		{16E58EF9-4AD8-4168-AE2D-80FB8FF42123}.DebugGame Editor|Win64.ActiveCfg = DebugGame_Editor|x64
		{16E58EF9-4AD8-4168-AE2D-80FB8FF42123}.DebugGame Editor|Win64.Build.0 = DebugGame_Editor|x64
		{16E58EF9-4AD8-4168-AE2D-80FB8FF42123}.DebugGame|HTML5.ActiveCfg = HTML5_DebugGame|Win32
		{16E58EF9-4AD8-4168-AE2D-80FB8FF42123}.DebugGame|HTML5.Build.0 = HTML5_DebugGame|Win32
		{16E58EF9-4AD8-4168-AE2D-80FB8FF42123}.DebugGame|Win32.ActiveCfg = DebugGame|Win32
		{16E58EF9-4AD8-4168-AE2D-80FB8FF42123}.DebugGame|Win32.Build.0 = DebugGame|Win32
		{16E58EF9-4AD8-4168-AE2D-80FB8FF42123}.DebugGame|Win64.ActiveCfg = DebugGame|x64
		{16E58EF9-4AD8-4168-AE2D-80FB8FF42123}.DebugGame|Win64.Build.0 = DebugGame|x64
		{16E58EF9-4AD8-4168-AE2D-80FB8FF42123}.Development Editor|HTML5.ActiveCfg = Invalid|Win32
		{16E58EF9-4AD8-4168-AE2D-80FB8FF42123}.Development Editor|Win32.ActiveCfg = Invalid|Win32
		{16E58EF9-4AD8-4168-AE2D-80FB8FF42123}.Development Editor|Win64.ActiveCfg = Development_Editor|x64
		{16E58EF9-4AD8-4168-AE2D-80FB8FF42123}.Development Editor|Win64.Build.0 = Development_Editor|x64
		{16E58EF9-4AD8-4168-AE2D-80FB8FF42123}.Development|HTML5.ActiveCfg = HTML5_Development|Win32
		{16E58EF9-4AD8-4168-AE2D-80FB8FF42123}.Development|HTML5.Build.0 = HTML5_Development|Win32
		{16E58EF9-4AD8-4168-AE2D-80FB8FF42123}.Development|Win32.ActiveCfg = Development|Win32
		{16E58EF9-4AD8-4168-AE2D-80FB8FF42123}.Development|Win32.Build.0 = Development|Win32
		{16E58EF9-4AD8-4168-AE2D-80FB8FF42123}.Development|Win64.ActiveCfg = Development|x64
		{16E58EF9-4AD8-4168-AE2D-80FB8FF42123}.Development|Win64.Build.0 = Development|x64
		{16E58EF9-4AD8-4168-AE2D-80FB8FF42123}.Shipping|HTML5.ActiveCfg = HTML5_Shipping|Win32
		{16E58EF9-4AD8-4168-AE2D-80FB8FF42123}.Shipping|HTML5.Build.0 = HTML5_Shipping|Win32
		{16E58EF9-4AD8-4168-AE2D-80FB8FF42123}.Shipping|Win32.ActiveCfg = Shipping|Win32
		{16E58EF9-4AD8-4168-AE2D-80FB8FF42123}.Shipping|Win32.Build.0 = Shipping|Win32
		{16E58EF9-4AD8-4168-AE2D-80FB8FF42123}.Shipping|Win64.ActiveCfg = Shipping|x64
		{16E58EF9-4AD8-4168-AE2D-80FB8FF42123}.Shipping|Win64.Build.0 = Shipping|x64
	EndGlobalSection
	GlobalSection(SolutionProperties) = preSolution
		HideSolutionNode = FALSE
	EndGlobalSection
	GlobalSection(NestedProjects) = preSolution
		{2BAA119B-5DE3-4ED3-9CFB-9893BC0CD85A} = {1E4B741D-4E84-4E35-B077-C371360D2554}
		{16E58EF9-4AD8-4168-AE2D-80FB8FF42123} = {A9CA8EFB-7C8B-4732-83F0-5A5A279BC15B}
	EndGlobalSection
EndGlobal
